
Microsoft Visual Studio Solution File, Format Version 12.00
# Visual Studio Version 16
VisualStudioVersion = 16.0.28527.54
MinimumVisualStudioVersion = 10.0.40219.1
Project("{FAE04EC0-301F-11D3-BF4B-00C04F79EFBC}") = "LedMatrixWeb.Server", "LedMatrixWeb\LedMatrixWeb.Server\LedMatrixWeb.Server.csproj", "{7F4841B3-6930-4E67-AB06-CC4812A4281B}"
EndProject
Project("{FAE04EC0-301F-11D3-BF4B-00C04F79EFBC}") = "LedMatrixWeb.App", "LedMatrixWeb\LedMatrixWeb.App\LedMatrixWeb.App.csproj", "{F906827E-3CB8-4F7A-AB95-A2290CD3118F}"
EndProject
Global
	GlobalSection(SolutionConfigurationPlatforms) = preSolution
		Debug|Any CPU = Debug|Any CPU
		Release|Any CPU = Release|Any CPU
	EndGlobalSection
	GlobalSection(ProjectConfigurationPlatforms) = postSolution
		{7F4841B3-6930-4E67-AB06-CC4812A4281B}.Debug|Any CPU.ActiveCfg = Debug|Any CPU
		{7F4841B3-6930-4E67-AB06-CC4812A4281B}.Debug|Any CPU.Build.0 = Debug|Any CPU
		{7F4841B3-6930-4E67-AB06-CC4812A4281B}.Release|Any CPU.ActiveCfg = Release|Any CPU
		{7F4841B3-6930-4E67-AB06-CC4812A4281B}.Release|Any CPU.Build.0 = Release|Any CPU
		{F906827E-3CB8-4F7A-AB95-A2290CD3118F}.Debug|Any CPU.ActiveCfg = Debug|Any CPU
		{F906827E-3CB8-4F7A-AB95-A2290CD3118F}.Debug|Any CPU.Build.0 = Debug|Any CPU
		{F906827E-3CB8-4F7A-AB95-A2290CD3118F}.Release|Any CPU.ActiveCfg = Release|Any CPU
		{F906827E-3CB8-4F7A-AB95-A2290CD3118F}.Release|Any CPU.Build.0 = Release|Any CPU
	EndGlobalSection
	GlobalSection(SolutionProperties) = preSolution
		HideSolutionNode = FALSE
	EndGlobalSection
	GlobalSection(ExtensibilityGlobals) = postSolution
		SolutionGuid = {E731D44C-04F5-4088-B81A-75671DF841B8}
	EndGlobalSection
EndGlobal
